# This file was autogenerated by Stack.
# You should not edit this file by hand.
# For more information, please see the documentation at:
#   https://docs.haskellstack.org/en/stable/lock_files

packages:
- completed:
    name: dump-core
    version: 0.1.3.2
    git: https://github.com/svenkeidel/dump-core/
    pantry-tree:
      size: 807
      sha256: 6f43895f82b97fc619ef7c9e5af0db7f045851d377cc02fa50dee647d07eca4c
    commit: 0c07091a7413cf808c2e01e2011589c1ed175667
  original:
    git: https://github.com/svenkeidel/dump-core/
    commit: 0c07091a7413cf808c2e01e2011589c1ed175667
- completed:
    hackage: monadLib-3.10@sha256:21dc120625bd612527b372e54251fd8358270effe263023d40d8e5892d24531c,653
    pantry-tree:
      size: 426
      sha256: 6c713ce64f1979723a9c30804e0675d053196341d7f6a61cfaf82a8f91c8f690
  original:
    hackage: monadLib-3.10
- completed:
    name: husk-scheme
    version: 3.19.4
    git: https://github.com/svenkeidel/husk-scheme/
    pantry-tree:
      size: 11440
      sha256: 3ea508322be688973e6f68e9976acd5cac357d07ab421a9b14f7408e0f9bb3d1
    commit: ca59598b11065eb29a45af7ffca27fc42a49abe5
  original:
    git: https://github.com/svenkeidel/husk-scheme/
    commit: ca59598b11065eb29a45af7ffca27fc42a49abe5
- completed:
    hackage: knob-0.1.1@sha256:8dd62f0470fd829d5c4137b5ecfb0cb9a04a829fa8f436959d460019b3a6f118,1401
    pantry-tree:
      size: 507
      sha256: 3cdacac3d8d6a75fc501c77fc419c65e1dcdb0f1f4212e99c5e7c3ceb2998454
  original:
    hackage: knob-0.1.1
snapshots:
- completed:
    size: 491373
    url: https://raw.githubusercontent.com/commercialhaskell/stackage-snapshots/master/lts/15/3.yaml
    sha256: 29e9ff61b8bf4b4fcff55cde3ac106ebb971f0d21331dccac9eee63374fa6ca8
  original: lts-15.3
